
Microsoft Visual Studio Solution File, Format Version 12.00
# Visual Studio 15
VisualStudioVersion = 15.0.26403.7
MinimumVisualStudioVersion = 10.0.40219.1
Project("{FAE04EC0-301F-11D3-BF4B-00C04F79EFBC}") = "Spotify Advanced Controller", "SpotifyAdvancedController\Spotify Advanced Controller.csproj", "{B5389C8F-40A3-4F9C-88B3-1BE000D1ACAB}"
EndProject
Global
	GlobalSection(SolutionConfigurationPlatforms) = preSolution
		Debug|Any CPU = Debug|Any CPU
		Release|Any CPU = Release|Any CPU
	EndGlobalSection
	GlobalSection(ProjectConfigurationPlatforms) = postSolution
		{B5389C8F-40A3-4F9C-88B3-1BE000D1ACAB}.Debug|Any CPU.ActiveCfg = Debug|Any CPU
		{B5389C8F-40A3-4F9C-88B3-1BE000D1ACAB}.Debug|Any CPU.Build.0 = Debug|Any CPU
		{B5389C8F-40A3-4F9C-88B3-1BE000D1ACAB}.Release|Any CPU.ActiveCfg = Release|Any CPU
		{B5389C8F-40A3-4F9C-88B3-1BE000D1ACAB}.Release|Any CPU.Build.0 = Release|Any CPU
	EndGlobalSection
	GlobalSection(SolutionProperties) = preSolution
		HideSolutionNode = FALSE
	EndGlobalSection
EndGlobal
